{
  "version": 4,
  "terraform_version": "1.11.4",
  "serial": 18,
  "lineage": "2935abf1-158c-056e-b425-6b81b24f0fc3",
  "outputs": {
    "cluster_certificate_authority_data": {
      "value": "LS0tLS1CRUdJTiBDRVJUSUZJQ0FURS0tLS0tCk1JSURCVENDQWUyZ0F3SUJBZ0lJVVB3TnZDb3R4Y013RFFZSktvWklodmNOQVFFTEJRQXdGVEVUTUJFR0ExVUUKQXhNS2EzVmlaWEp1WlhSbGN6QWVGdzB5TlRBMk1URXdNelEyTlRoYUZ3MHpOVEEyTURrd016VXhOVGhhTUJVeApFekFSQmdOVkJBTVRDbXQxWW1WeWJtVjBaWE13Z2dFaU1BMEdDU3FHU0liM0RRRUJBUVVBQTRJQkR3QXdnZ0VLCkFvSUJBUUNzai8rdTZQS28rcGIwb1UvTitoVWN1bUoxY0pWZWRkbHE2ZnBOR0l1TUZDbWJ6V1ExN2NCU0Z4VDEKbUFNSmVUZzk4Rjd2ampnVzB3OWpOUzd5RHIvYXUyenNIeUpBdTZGVDF0RmlsYmQ2UXR3Ym9ES0RNb0FzM2F0ZQpHa1V1aU11cC96YTJVUm9KN1IwS0Naa0NGcVFmbjNTWlVnUXQ2WlczMkpod1QveTJubE9tdmFhUm5FbllwTmVVClUxOU5uVGkxNEhyVFUwTHRDRzh6RG5pVW9peityZU5EOVBtMFp0bEROKzlwWlpNSXREZWhBNlZNUWtsSzVBanMKU0p5dTRvUndPN0U3WDAxbEVzeEk3dURHK0NIV3NoUUFnV1ZLWU04Y0FidGlBMk91WVl1Uk1XY2ZnS00waUxlSgpiSVJ1ajNhc09NTUhEQXVkTEZBVjlSQnVNZ1I1QWdNQkFBR2pXVEJYTUE0R0ExVWREd0VCL3dRRUF3SUNwREFQCkJnTlZIUk1CQWY4RUJUQURBUUgvTUIwR0ExVWREZ1FXQkJRZjVpUGc4WnVoaW1yd3lDbVNtK0E3Qi94Y3NUQVYKQmdOVkhSRUVEakFNZ2dwcmRXSmxjbTVsZEdWek1BMEdDU3FHU0liM0RRRUJDd1VBQTRJQkFRQmJSMWIveTBxcQpQb0xwZ0F0SjAxODd5T0hEMmxselJ3Yy9KNk82bXlqWTNzalJoVEtKR1RTZHlVZzBPakpPNE8wb0t1VkYyeDQwCmhyODZUNTlBYmlOV3JvTWR1NkJTSk43SVdtTHVtTjdHOFlZN1ZuQ1hMVkk5ZHp6ZDZPdVFXVWk3OUhJeHloK0gKN3V3STU1Y29yTllnZnRhRHNibFVIaVRsY0NJWjNEV2VIQjMzUHpIYnMxb2VnZDhKUGVyR0pRVVpZUFV0dHBKRwoyUGc2UzFkQUdYNm1oQnVUeEQ2ZFVYS3hhUFFOMzdtR3RuZ1h6RlNYK2ZyS3ZUdGZHZWgyMTZsaG9uNkZOb3AxCm9peWJCOFFvekFNMG5hNVBqcTRpOVMwVVB0Ty9TWjcwOC9MaGhUVFcvYklUbVpkUEQzd2tMVnU3M1NxR0hqSUUKL3hBdGl1b0xiK2g2Ci0tLS0tRU5EIENFUlRJRklDQVRFLS0tLS0K",
      "type": "string"
    },
    "cluster_endpoint": {
      "value": "https://AA2CC605C4066AD06295971E4B3FF867.gr7.us-east-1.eks.amazonaws.com",
      "type": "string"
    },
    "cluster_name": {
      "value": "development-cluster",
      "type": "string"
    },
    "node_group_name": {
      "value": "development-cluster-nodes",
      "type": "string"
    }
  },
  "resources": [
    {
      "mode": "data",
      "type": "aws_availability_zones",
      "name": "available",
      "provider": "provider[\"registry.terraform.io/hashicorp/aws\"]",
      "instances": [
        {
          "schema_version": 0,
          "attributes": {
            "all_availability_zones": null,
            "exclude_names": null,
            "exclude_zone_ids": null,
            "filter": null,
            "group_names": [
              "us-east-1-zg-1"
            ],
            "id": "us-east-1",
            "names": [
              "us-east-1a",
              "us-east-1b",
              "us-east-1c",
              "us-east-1d",
              "us-east-1e",
              "us-east-1f"
            ],
            "state": null,
            "timeouts": null,
            "zone_ids": [
              "use1-az6",
              "use1-az1",
              "use1-az2",
              "use1-az4",
              "use1-az3",
              "use1-az5"
            ]
          },
          "sensitive_attributes": []
        }
      ]
    },
    {
      "mode": "managed",
      "type": "aws_eks_cluster",
      "name": "dev_cluster",
      "provider": "provider[\"registry.terraform.io/hashicorp/aws\"]",
      "instances": [
        {
          "schema_version": 1,
          "attributes": {
            "access_config": [
              {
                "authentication_mode": "CONFIG_MAP",
                "bootstrap_cluster_creator_admin_permissions": true
              }
            ],
            "arn": "arn:aws:eks:us-east-1:619071318781:cluster/development-cluster",
            "bootstrap_self_managed_addons": true,
            "certificate_authority": [
              {
                "data": "LS0tLS1CRUdJTiBDRVJUSUZJQ0FURS0tLS0tCk1JSURCVENDQWUyZ0F3SUJBZ0lJVVB3TnZDb3R4Y013RFFZSktvWklodmNOQVFFTEJRQXdGVEVUTUJFR0ExVUUKQXhNS2EzVmlaWEp1WlhSbGN6QWVGdzB5TlRBMk1URXdNelEyTlRoYUZ3MHpOVEEyTURrd016VXhOVGhhTUJVeApFekFSQmdOVkJBTVRDbXQxWW1WeWJtVjBaWE13Z2dFaU1BMEdDU3FHU0liM0RRRUJBUVVBQTRJQkR3QXdnZ0VLCkFvSUJBUUNzai8rdTZQS28rcGIwb1UvTitoVWN1bUoxY0pWZWRkbHE2ZnBOR0l1TUZDbWJ6V1ExN2NCU0Z4VDEKbUFNSmVUZzk4Rjd2ampnVzB3OWpOUzd5RHIvYXUyenNIeUpBdTZGVDF0RmlsYmQ2UXR3Ym9ES0RNb0FzM2F0ZQpHa1V1aU11cC96YTJVUm9KN1IwS0Naa0NGcVFmbjNTWlVnUXQ2WlczMkpod1QveTJubE9tdmFhUm5FbllwTmVVClUxOU5uVGkxNEhyVFUwTHRDRzh6RG5pVW9peityZU5EOVBtMFp0bEROKzlwWlpNSXREZWhBNlZNUWtsSzVBanMKU0p5dTRvUndPN0U3WDAxbEVzeEk3dURHK0NIV3NoUUFnV1ZLWU04Y0FidGlBMk91WVl1Uk1XY2ZnS00waUxlSgpiSVJ1ajNhc09NTUhEQXVkTEZBVjlSQnVNZ1I1QWdNQkFBR2pXVEJYTUE0R0ExVWREd0VCL3dRRUF3SUNwREFQCkJnTlZIUk1CQWY4RUJUQURBUUgvTUIwR0ExVWREZ1FXQkJRZjVpUGc4WnVoaW1yd3lDbVNtK0E3Qi94Y3NUQVYKQmdOVkhSRUVEakFNZ2dwcmRXSmxjbTVsZEdWek1BMEdDU3FHU0liM0RRRUJDd1VBQTRJQkFRQmJSMWIveTBxcQpQb0xwZ0F0SjAxODd5T0hEMmxselJ3Yy9KNk82bXlqWTNzalJoVEtKR1RTZHlVZzBPakpPNE8wb0t1VkYyeDQwCmhyODZUNTlBYmlOV3JvTWR1NkJTSk43SVdtTHVtTjdHOFlZN1ZuQ1hMVkk5ZHp6ZDZPdVFXVWk3OUhJeHloK0gKN3V3STU1Y29yTllnZnRhRHNibFVIaVRsY0NJWjNEV2VIQjMzUHpIYnMxb2VnZDhKUGVyR0pRVVpZUFV0dHBKRwoyUGc2UzFkQUdYNm1oQnVUeEQ2ZFVYS3hhUFFOMzdtR3RuZ1h6RlNYK2ZyS3ZUdGZHZWgyMTZsaG9uNkZOb3AxCm9peWJCOFFvekFNMG5hNVBqcTRpOVMwVVB0Ty9TWjcwOC9MaGhUVFcvYklUbVpkUEQzd2tMVnU3M1NxR0hqSUUKL3hBdGl1b0xiK2g2Ci0tLS0tRU5EIENFUlRJRklDQVRFLS0tLS0K"
              }
            ],
            "cluster_id": null,
            "compute_config": [],
            "created_at": "2025-06-11T03:47:36Z",
            "enabled_cluster_log_types": [],
            "encryption_config": [],
            "endpoint": "https://AA2CC605C4066AD06295971E4B3FF867.gr7.us-east-1.eks.amazonaws.com",
            "force_update_version": null,
            "id": "development-cluster",
            "identity": [
              {
                "oidc": [
                  {
                    "issuer": "https://oidc.eks.us-east-1.amazonaws.com/id/AA2CC605C4066AD06295971E4B3FF867"
                  }
                ]
              }
            ],
            "kubernetes_network_config": [
              {
                "elastic_load_balancing": [
                  {
                    "enabled": false
                  }
                ],
                "ip_family": "ipv4",
                "service_ipv4_cidr": "172.20.0.0/16",
                "service_ipv6_cidr": ""
              }
            ],
            "name": "development-cluster",
            "outpost_config": [],
            "platform_version": "eks.12",
            "remote_network_config": [],
            "role_arn": "arn:aws:iam::619071318781:role/development-cluster-role",
            "status": "ACTIVE",
            "storage_config": [],
            "tags": {},
            "tags_all": {},
            "timeouts": null,
            "upgrade_policy": [
              {
                "support_type": "EXTENDED"
              }
            ],
            "version": "1.32",
            "vpc_config": [
              {
                "cluster_security_group_id": "sg-0ce38e448832573ba",
                "endpoint_private_access": false,
                "endpoint_public_access": true,
                "public_access_cidrs": [
                  "0.0.0.0/0"
                ],
                "security_group_ids": [],
                "subnet_ids": [
                  "subnet-016ca7145d940bef9",
                  "subnet-017d7ab6dc8731fc6"
                ],
                "vpc_id": "vpc-0affd66a4b052d3cd"
              }
            ],
            "zonal_shift_config": []
          },
          "sensitive_attributes": [],
          "private": "eyJlMmJmYjczMC1lY2FhLTExZTYtOGY4OC0zNDM2M2JjN2M0YzAiOnsiY3JlYXRlIjoxODAwMDAwMDAwMDAwLCJkZWxldGUiOjkwMDAwMDAwMDAwMCwidXBkYXRlIjozNjAwMDAwMDAwMDAwfSwic2NoZW1hX3ZlcnNpb24iOiIxIn0=",
          "dependencies": [
            "aws_iam_role.eks_cluster_role",
            "aws_iam_role_policy_attachment.cluster_policy",
            "aws_subnet.dev_subnet",
            "aws_vpc.dev_vpc",
            "data.aws_availability_zones.available"
          ]
        }
      ]
    },
    {
      "mode": "managed",
      "type": "aws_iam_role",
      "name": "eks_cluster_role",
      "provider": "provider[\"registry.terraform.io/hashicorp/aws\"]",
      "instances": [
        {
          "schema_version": 0,
          "attributes": {
            "arn": "arn:aws:iam::619071318781:role/development-cluster-role",
            "assume_role_policy": "{\"Statement\":[{\"Action\":\"sts:AssumeRole\",\"Effect\":\"Allow\",\"Principal\":{\"Service\":\"eks.amazonaws.com\"}}],\"Version\":\"2012-10-17\"}",
            "create_date": "2025-06-11T03:47:10Z",
            "description": "",
            "force_detach_policies": false,
            "id": "development-cluster-role",
            "inline_policy": [],
            "managed_policy_arns": [
              "arn:aws:iam::aws:policy/AmazonEKSClusterPolicy"
            ],
            "max_session_duration": 3600,
            "name": "development-cluster-role",
            "name_prefix": "",
            "path": "/",
            "permissions_boundary": "",
            "tags": {},
            "tags_all": {},
            "unique_id": "AROAZAI4GVL6W3BV5OXAK"
          },
          "sensitive_attributes": [],
          "private": "bnVsbA=="
        }
      ]
    },
    {
      "mode": "managed",
      "type": "aws_iam_role",
      "name": "eks_node_group_role",
      "provider": "provider[\"registry.terraform.io/hashicorp/aws\"]",
      "instances": [
        {
          "schema_version": 0,
          "attributes": {
            "arn": "arn:aws:iam::619071318781:role/development-cluster-node-group-role",
            "assume_role_policy": "{\"Statement\":[{\"Action\":\"sts:AssumeRole\",\"Effect\":\"Allow\",\"Principal\":{\"Service\":\"ec2.amazonaws.com\"}}],\"Version\":\"2012-10-17\"}",
            "create_date": "2025-06-11T03:47:10Z",
            "description": "",
            "force_detach_policies": false,
            "id": "development-cluster-node-group-role",
            "inline_policy": [],
            "managed_policy_arns": [
              "arn:aws:iam::aws:policy/AmazonEC2ContainerRegistryReadOnly",
              "arn:aws:iam::aws:policy/AmazonEKSWorkerNodePolicy",
              "arn:aws:iam::aws:policy/AmazonEKS_CNI_Policy"
            ],
            "max_session_duration": 3600,
            "name": "development-cluster-node-group-role",
            "name_prefix": "",
            "path": "/",
            "permissions_boundary": "",
            "tags": {},
            "tags_all": {},
            "unique_id": "AROAZAI4GVL6ZBWKY543Q"
          },
          "sensitive_attributes": [],
          "private": "bnVsbA=="
        }
      ]
    },
    {
      "mode": "managed",
      "type": "aws_iam_role_policy_attachment",
      "name": "cluster_policy",
      "provider": "provider[\"registry.terraform.io/hashicorp/aws\"]",
      "instances": [
        {
          "schema_version": 0,
          "attributes": {
            "id": "development-cluster-role-20250611034710868400000004",
            "policy_arn": "arn:aws:iam::aws:policy/AmazonEKSClusterPolicy",
            "role": "development-cluster-role"
          },
          "sensitive_attributes": [],
          "private": "bnVsbA==",
          "dependencies": [
            "aws_iam_role.eks_cluster_role"
          ]
        }
      ]
    },
    {
      "mode": "managed",
      "type": "aws_iam_role_policy_attachment",
      "name": "node_policy_cni",
      "provider": "provider[\"registry.terraform.io/hashicorp/aws\"]",
      "instances": [
        {
          "schema_version": 0,
          "attributes": {
            "id": "development-cluster-node-group-role-20250611034710722800000002",
            "policy_arn": "arn:aws:iam::aws:policy/AmazonEKS_CNI_Policy",
            "role": "development-cluster-node-group-role"
          },
          "sensitive_attributes": [],
          "private": "bnVsbA==",
          "dependencies": [
            "aws_iam_role.eks_node_group_role"
          ]
        }
      ]
    },
    {
      "mode": "managed",
      "type": "aws_iam_role_policy_attachment",
      "name": "node_policy_ecr",
      "provider": "provider[\"registry.terraform.io/hashicorp/aws\"]",
      "instances": [
        {
          "schema_version": 0,
          "attributes": {
            "id": "development-cluster-node-group-role-20250611034710686300000001",
            "policy_arn": "arn:aws:iam::aws:policy/AmazonEC2ContainerRegistryReadOnly",
            "role": "development-cluster-node-group-role"
          },
          "sensitive_attributes": [],
          "private": "bnVsbA==",
          "dependencies": [
            "aws_iam_role.eks_node_group_role"
          ]
        }
      ]
    },
    {
      "mode": "managed",
      "type": "aws_iam_role_policy_attachment",
      "name": "node_policy_worker",
      "provider": "provider[\"registry.terraform.io/hashicorp/aws\"]",
      "instances": [
        {
          "schema_version": 0,
          "attributes": {
            "id": "development-cluster-node-group-role-20250611034710825900000003",
            "policy_arn": "arn:aws:iam::aws:policy/AmazonEKSWorkerNodePolicy",
            "role": "development-cluster-node-group-role"
          },
          "sensitive_attributes": [],
          "private": "bnVsbA==",
          "dependencies": [
            "aws_iam_role.eks_node_group_role"
          ]
        }
      ]
    },
    {
      "mode": "managed",
      "type": "aws_internet_gateway",
      "name": "gw",
      "provider": "provider[\"registry.terraform.io/hashicorp/aws\"]",
      "instances": [
        {
          "schema_version": 0,
          "attributes": {
            "arn": "arn:aws:ec2:us-east-1:619071318781:internet-gateway/igw-0fc52cadd7d28626e",
            "id": "igw-0fc52cadd7d28626e",
            "owner_id": "619071318781",
            "tags": {
              "Name": "development-cluster-igw"
            },
            "tags_all": {
              "Name": "development-cluster-igw"
            },
            "timeouts": null,
            "vpc_id": "vpc-0affd66a4b052d3cd"
          },
          "sensitive_attributes": [],
          "private": "eyJlMmJmYjczMC1lY2FhLTExZTYtOGY4OC0zNDM2M2JjN2M0YzAiOnsiY3JlYXRlIjoxMjAwMDAwMDAwMDAwLCJkZWxldGUiOjEyMDAwMDAwMDAwMDAsInVwZGF0ZSI6MTIwMDAwMDAwMDAwMH19",
          "dependencies": [
            "aws_vpc.dev_vpc"
          ]
        }
      ]
    },
    {
      "mode": "managed",
      "type": "aws_route_table",
      "name": "rt",
      "provider": "provider[\"registry.terraform.io/hashicorp/aws\"]",
      "instances": [
        {
          "schema_version": 0,
          "attributes": {
            "arn": "arn:aws:ec2:us-east-1:619071318781:route-table/rtb-0f9b14a134d2a7dc6",
            "id": "rtb-0f9b14a134d2a7dc6",
            "owner_id": "619071318781",
            "propagating_vgws": [],
            "route": [
              {
                "carrier_gateway_id": "",
                "cidr_block": "0.0.0.0/0",
                "core_network_arn": "",
                "destination_prefix_list_id": "",
                "egress_only_gateway_id": "",
                "gateway_id": "igw-0fc52cadd7d28626e",
                "ipv6_cidr_block": "",
                "local_gateway_id": "",
                "nat_gateway_id": "",
                "network_interface_id": "",
                "transit_gateway_id": "",
                "vpc_endpoint_id": "",
                "vpc_peering_connection_id": ""
              }
            ],
            "tags": {
              "Name": "development-cluster-rt"
            },
            "tags_all": {
              "Name": "development-cluster-rt"
            },
            "timeouts": null,
            "vpc_id": "vpc-0affd66a4b052d3cd"
          },
          "sensitive_attributes": [],
          "private": "eyJlMmJmYjczMC1lY2FhLTExZTYtOGY4OC0zNDM2M2JjN2M0YzAiOnsiY3JlYXRlIjozMDAwMDAwMDAwMDAsImRlbGV0ZSI6MzAwMDAwMDAwMDAwLCJ1cGRhdGUiOjEyMDAwMDAwMDAwMH19",
          "dependencies": [
            "aws_internet_gateway.gw",
            "aws_vpc.dev_vpc"
          ]
        }
      ]
    },
    {
      "mode": "managed",
      "type": "aws_route_table_association",
      "name": "a",
      "provider": "provider[\"registry.terraform.io/hashicorp/aws\"]",
      "instances": [
        {
          "index_key": 0,
          "schema_version": 0,
          "attributes": {
            "gateway_id": "",
            "id": "rtbassoc-0e00ff8422da83bd3",
            "route_table_id": "rtb-0f9b14a134d2a7dc6",
            "subnet_id": "subnet-017d7ab6dc8731fc6",
            "timeouts": null
          },
          "sensitive_attributes": [],
          "private": "eyJlMmJmYjczMC1lY2FhLTExZTYtOGY4OC0zNDM2M2JjN2M0YzAiOnsiY3JlYXRlIjozMDAwMDAwMDAwMDAsImRlbGV0ZSI6MzAwMDAwMDAwMDAwLCJ1cGRhdGUiOjEyMDAwMDAwMDAwMH19",
          "dependencies": [
            "aws_internet_gateway.gw",
            "aws_route_table.rt",
            "aws_subnet.dev_subnet",
            "aws_vpc.dev_vpc",
            "data.aws_availability_zones.available"
          ]
        },
        {
          "index_key": 1,
          "schema_version": 0,
          "attributes": {
            "gateway_id": "",
            "id": "rtbassoc-09ba8e1c71fde9bc8",
            "route_table_id": "rtb-0f9b14a134d2a7dc6",
            "subnet_id": "subnet-016ca7145d940bef9",
            "timeouts": null
          },
          "sensitive_attributes": [],
          "private": "eyJlMmJmYjczMC1lY2FhLTExZTYtOGY4OC0zNDM2M2JjN2M0YzAiOnsiY3JlYXRlIjozMDAwMDAwMDAwMDAsImRlbGV0ZSI6MzAwMDAwMDAwMDAwLCJ1cGRhdGUiOjEyMDAwMDAwMDAwMH19",
          "dependencies": [
            "aws_internet_gateway.gw",
            "aws_route_table.rt",
            "aws_subnet.dev_subnet",
            "aws_vpc.dev_vpc",
            "data.aws_availability_zones.available"
          ]
        }
      ]
    },
    {
      "mode": "managed",
      "type": "aws_subnet",
      "name": "dev_subnet",
      "provider": "provider[\"registry.terraform.io/hashicorp/aws\"]",
      "instances": [
        {
          "index_key": 0,
          "schema_version": 1,
          "attributes": {
            "arn": "arn:aws:ec2:us-east-1:619071318781:subnet/subnet-017d7ab6dc8731fc6",
            "assign_ipv6_address_on_creation": false,
            "availability_zone": "us-east-1a",
            "availability_zone_id": "use1-az6",
            "cidr_block": "10.0.1.0/24",
            "customer_owned_ipv4_pool": "",
            "enable_dns64": false,
            "enable_lni_at_device_index": 0,
            "enable_resource_name_dns_a_record_on_launch": false,
            "enable_resource_name_dns_aaaa_record_on_launch": false,
            "id": "subnet-017d7ab6dc8731fc6",
            "ipv6_cidr_block": "",
            "ipv6_cidr_block_association_id": "",
            "ipv6_native": false,
            "map_customer_owned_ip_on_launch": false,
            "map_public_ip_on_launch": true,
            "outpost_arn": "",
            "owner_id": "619071318781",
            "private_dns_hostname_type_on_launch": "ip-name",
            "tags": {
              "Name": "development-cluster-subnet-1",
              "kubernetes.io/cluster/development-cluster": "shared"
            },
            "tags_all": {
              "Name": "development-cluster-subnet-1",
              "kubernetes.io/cluster/development-cluster": "shared"
            },
            "timeouts": null,
            "vpc_id": "vpc-0affd66a4b052d3cd"
          },
          "sensitive_attributes": [],
          "private": "eyJlMmJmYjczMC1lY2FhLTExZTYtOGY4OC0zNDM2M2JjN2M0YzAiOnsiY3JlYXRlIjo2MDAwMDAwMDAwMDAsImRlbGV0ZSI6MTIwMDAwMDAwMDAwMH0sInNjaGVtYV92ZXJzaW9uIjoiMSJ9",
          "dependencies": [
            "aws_vpc.dev_vpc",
            "data.aws_availability_zones.available"
          ]
        },
        {
          "index_key": 1,
          "schema_version": 1,
          "attributes": {
            "arn": "arn:aws:ec2:us-east-1:619071318781:subnet/subnet-016ca7145d940bef9",
            "assign_ipv6_address_on_creation": false,
            "availability_zone": "us-east-1b",
            "availability_zone_id": "use1-az1",
            "cidr_block": "10.0.2.0/24",
            "customer_owned_ipv4_pool": "",
            "enable_dns64": false,
            "enable_lni_at_device_index": 0,
            "enable_resource_name_dns_a_record_on_launch": false,
            "enable_resource_name_dns_aaaa_record_on_launch": false,
            "id": "subnet-016ca7145d940bef9",
            "ipv6_cidr_block": "",
            "ipv6_cidr_block_association_id": "",
            "ipv6_native": false,
            "map_customer_owned_ip_on_launch": false,
            "map_public_ip_on_launch": true,
            "outpost_arn": "",
            "owner_id": "619071318781",
            "private_dns_hostname_type_on_launch": "ip-name",
            "tags": {
              "Name": "development-cluster-subnet-2",
              "kubernetes.io/cluster/development-cluster": "shared"
            },
            "tags_all": {
              "Name": "development-cluster-subnet-2",
              "kubernetes.io/cluster/development-cluster": "shared"
            },
            "timeouts": null,
            "vpc_id": "vpc-0affd66a4b052d3cd"
          },
          "sensitive_attributes": [],
          "private": "eyJlMmJmYjczMC1lY2FhLTExZTYtOGY4OC0zNDM2M2JjN2M0YzAiOnsiY3JlYXRlIjo2MDAwMDAwMDAwMDAsImRlbGV0ZSI6MTIwMDAwMDAwMDAwMH0sInNjaGVtYV92ZXJzaW9uIjoiMSJ9",
          "dependencies": [
            "aws_vpc.dev_vpc",
            "data.aws_availability_zones.available"
          ]
        }
      ]
    },
    {
      "mode": "managed",
      "type": "aws_vpc",
      "name": "dev_vpc",
      "provider": "provider[\"registry.terraform.io/hashicorp/aws\"]",
      "instances": [
        {
          "schema_version": 1,
          "attributes": {
            "arn": "arn:aws:ec2:us-east-1:619071318781:vpc/vpc-0affd66a4b052d3cd",
            "assign_generated_ipv6_cidr_block": false,
            "cidr_block": "10.0.0.0/16",
            "default_network_acl_id": "acl-053e90ee15054bd45",
            "default_route_table_id": "rtb-0cff2ac044e5825c4",
            "default_security_group_id": "sg-0337c109ff8047fe3",
            "dhcp_options_id": "dopt-0555c5ea70930a2e1",
            "enable_dns_hostnames": true,
            "enable_dns_support": true,
            "enable_network_address_usage_metrics": false,
            "id": "vpc-0affd66a4b052d3cd",
            "instance_tenancy": "default",
            "ipv4_ipam_pool_id": null,
            "ipv4_netmask_length": null,
            "ipv6_association_id": "",
            "ipv6_cidr_block": "",
            "ipv6_cidr_block_network_border_group": "",
            "ipv6_ipam_pool_id": "",
            "ipv6_netmask_length": 0,
            "main_route_table_id": "rtb-0cff2ac044e5825c4",
            "owner_id": "619071318781",
            "tags": {
              "Name": "development-cluster-vpc",
              "kubernetes.io/cluster/development-cluster": "shared"
            },
            "tags_all": {
              "Name": "development-cluster-vpc",
              "kubernetes.io/cluster/development-cluster": "shared"
            }
          },
          "sensitive_attributes": [],
          "private": "eyJzY2hlbWFfdmVyc2lvbiI6IjEifQ=="
        }
      ]
    }
  ],
  "check_results": null
}
